// !$*UTF8*$!
{
	archiveVersion = 1;
	classes = {
	};
	objectVersion = 48;
	objects = {

/* Begin PBXBuildFile section */
		F06E30D41FB0FEFC003E0400 /* Coworker_TrackerTests.swift in Sources */ = {isa = PBXBuildFile; fileRef = F06E30D31FB0FEFC003E0400 /* Coworker_TrackerTests.swift */; };
		F06E30DF1FB0FEFC003E0400 /* Coworker_TrackerUITests.swift in Sources */ = {isa = PBXBuildFile; fileRef = F06E30DE1FB0FEFC003E0400 /* Coworker_TrackerUITests.swift */; };
		F06E30F71FB10516003E0400 /* AppDelegate.swift in Sources */ = {isa = PBXBuildFile; fileRef = F06E30ED1FB10516003E0400 /* AppDelegate.swift */; };
		F06E30F81FB10516003E0400 /* ItemStore.swift in Sources */ = {isa = PBXBuildFile; fileRef = F06E30EE1FB10516003E0400 /* ItemStore.swift */; };
		F06E30FA1FB10516003E0400 /* Assets.xcassets in Resources */ = {isa = PBXBuildFile; fileRef = F06E30F01FB10516003E0400 /* Assets.xcassets */; };
		F06E30FB1FB10516003E0400 /* ItemCell.swift in Sources */ = {isa = PBXBuildFile; fileRef = F06E30F11FB10516003E0400 /* ItemCell.swift */; };
		F06E30FC1FB10516003E0400 /* DetailViewController.swift in Sources */ = {isa = PBXBuildFile; fileRef = F06E30F21FB10516003E0400 /* DetailViewController.swift */; };
		F06E30FD1FB10516003E0400 /* Item.swift in Sources */ = {isa = PBXBuildFile; fileRef = F06E30F31FB10516003E0400 /* Item.swift */; };
		F06E30FE1FB10516003E0400 /* LaunchScreen.storyboard in Resources */ = {isa = PBXBuildFile; fileRef = F06E30F41FB10516003E0400 /* LaunchScreen.storyboard */; };
		F06E30FF1FB10516003E0400 /* Main.storyboard in Resources */ = {isa = PBXBuildFile; fileRef = F06E30F51FB10516003E0400 /* Main.storyboard */; };
		F06E31001FB10516003E0400 /* ItemsViewController.swift in Sources */ = {isa = PBXBuildFile; fileRef = F06E30F61FB10516003E0400 /* ItemsViewController.swift */; };
/* End PBXBuildFile section */

/* Begin PBXContainerItemProxy section */
		F06E30D01FB0FEFC003E0400 /* PBXContainerItemProxy */ = {
			isa = PBXContainerItemProxy;
			containerPortal = F06E30B31FB0FEFC003E0400 /* Project object */;
			proxyType = 1;
			remoteGlobalIDString = F06E30BA1FB0FEFC003E0400;
			remoteInfo = "Coworker Tracker";
		};
		F06E30DB1FB0FEFC003E0400 /* PBXContainerItemProxy */ = {
			isa = PBXContainerItemProxy;
			containerPortal = F06E30B31FB0FEFC003E0400 /* Project object */;
			proxyType = 1;
			remoteGlobalIDString = F06E30BA1FB0FEFC003E0400;
			remoteInfo = "Coworker Tracker";
		};
/* End PBXContainerItemProxy section */

/* Begin PBXFileReference section */
		F06E30BB1FB0FEFC003E0400 /* Coworker Tracker.app */ = {isa = PBXFileReference; explicitFileType = wrapper.application; includeInIndex = 0; path = "Coworker Tracker.app"; sourceTree = BUILT_PRODUCTS_DIR; };
		F06E30CF1FB0FEFC003E0400 /* Coworker TrackerTests.xctest */ = {isa = PBXFileReference; explicitFileType = wrapper.cfbundle; includeInIndex = 0; path = "Coworker TrackerTests.xctest"; sourceTree = BUILT_PRODUCTS_DIR; };
		F06E30D31FB0FEFC003E0400 /* Coworker_TrackerTests.swift */ = {isa = PBXFileReference; lastKnownFileType = sourcecode.swift; path = Coworker_TrackerTests.swift; sourceTree = "<group>"; };
		F06E30D51FB0FEFC003E0400 /* Info.plist */ = {isa = PBXFileReference; lastKnownFileType = text.plist.xml; path = Info.plist; sourceTree = "<group>"; };
		F06E30DA1FB0FEFC003E0400 /* Coworker TrackerUITests.xctest */ = {isa = PBXFileReference; explicitFileType = wrapper.cfbundle; includeInIndex = 0; path = "Coworker TrackerUITests.xctest"; sourceTree = BUILT_PRODUCTS_DIR; };
		F06E30DE1FB0FEFC003E0400 /* Coworker_TrackerUITests.swift */ = {isa = PBXFileReference; lastKnownFileType = sourcecode.swift; path = Coworker_TrackerUITests.swift; sourceTree = "<group>"; };
		F06E30E01FB0FEFC003E0400 /* Info.plist */ = {isa = PBXFileReference; lastKnownFileType = text.plist.xml; path = Info.plist; sourceTree = "<group>"; };
		F06E30ED1FB10516003E0400 /* AppDelegate.swift */ = {isa = PBXFileReference; fileEncoding = 4; lastKnownFileType = sourcecode.swift; path = AppDelegate.swift; sourceTree = "<group>"; };
		F06E30EE1FB10516003E0400 /* ItemStore.swift */ = {isa = PBXFileReference; fileEncoding = 4; lastKnownFileType = sourcecode.swift; path = ItemStore.swift; sourceTree = "<group>"; };
		F06E30EF1FB10516003E0400 /* Info.plist */ = {isa = PBXFileReference; fileEncoding = 4; lastKnownFileType = text.plist.xml; path = Info.plist; sourceTree = "<group>"; };
		F06E30F01FB10516003E0400 /* Assets.xcassets */ = {isa = PBXFileReference; lastKnownFileType = folder.assetcatalog; path = Assets.xcassets; sourceTree = "<group>"; };
		F06E30F11FB10516003E0400 /* ItemCell.swift */ = {isa = PBXFileReference; fileEncoding = 4; lastKnownFileType = sourcecode.swift; path = ItemCell.swift; sourceTree = "<group>"; };
		F06E30F21FB10516003E0400 /* DetailViewController.swift */ = {isa = PBXFileReference; fileEncoding = 4; lastKnownFileType = sourcecode.swift; path = DetailViewController.swift; sourceTree = "<group>"; };
		F06E30F31FB10516003E0400 /* Item.swift */ = {isa = PBXFileReference; fileEncoding = 4; lastKnownFileType = sourcecode.swift; path = Item.swift; sourceTree = "<group>"; };
		F06E30F41FB10516003E0400 /* LaunchScreen.storyboard */ = {isa = PBXFileReference; fileEncoding = 4; lastKnownFileType = file.storyboard; path = LaunchScreen.storyboard; sourceTree = "<group>"; };
		F06E30F51FB10516003E0400 /* Main.storyboard */ = {isa = PBXFileReference; fileEncoding = 4; lastKnownFileType = file.storyboard; path = Main.storyboard; sourceTree = "<group>"; };
		F06E30F61FB10516003E0400 /* ItemsViewController.swift */ = {isa = PBXFileReference; fileEncoding = 4; lastKnownFileType = sourcecode.swift; path = ItemsViewController.swift; sourceTree = "<group>"; };
/* End PBXFileReference section */

/* Begin PBXFrameworksBuildPhase section */
		F06E30B81FB0FEFC003E0400 /* Frameworks */ = {
			isa = PBXFrameworksBuildPhase;
			buildActionMask = 2147483647;
			files = (
			);
			runOnlyForDeploymentPostprocessing = 0;
		};
		F06E30CC1FB0FEFC003E0400 /* Frameworks */ = {
			isa = PBXFrameworksBuildPhase;
			buildActionMask = 2147483647;
			files = (
			);
			runOnlyForDeploymentPostprocessing = 0;
		};
		F06E30D71FB0FEFC003E0400 /* Frameworks */ = {
			isa = PBXFrameworksBuildPhase;
			buildActionMask = 2147483647;
			files = (
			);
			runOnlyForDeploymentPostprocessing = 0;
		};
/* End PBXFrameworksBuildPhase section */

/* Begin PBXGroup section */
		F06E30B21FB0FEFC003E0400 = {
			isa = PBXGroup;
			children = (
				F06E30BD1FB0FEFC003E0400 /* Coworker Tracker */,
				F06E30D21FB0FEFC003E0400 /* Coworker TrackerTests */,
				F06E30DD1FB0FEFC003E0400 /* Coworker TrackerUITests */,
				F06E30BC1FB0FEFC003E0400 /* Products */,
			);
			sourceTree = "<group>";
		};
		F06E30BC1FB0FEFC003E0400 /* Products */ = {
			isa = PBXGroup;
			children = (
				F06E30BB1FB0FEFC003E0400 /* Coworker Tracker.app */,
				F06E30CF1FB0FEFC003E0400 /* Coworker TrackerTests.xctest */,
				F06E30DA1FB0FEFC003E0400 /* Coworker TrackerUITests.xctest */,
			);
			name = Products;
			sourceTree = "<group>";
		};
		F06E30BD1FB0FEFC003E0400 /* Coworker Tracker */ = {
			isa = PBXGroup;
			children = (
				F06E30ED1FB10516003E0400 /* AppDelegate.swift */,
				F06E30F01FB10516003E0400 /* Assets.xcassets */,
				F06E30F21FB10516003E0400 /* DetailViewController.swift */,
				F06E30EF1FB10516003E0400 /* Info.plist */,
				F06E30F31FB10516003E0400 /* Item.swift */,
				F06E30F11FB10516003E0400 /* ItemCell.swift */,
				F06E30EE1FB10516003E0400 /* ItemStore.swift */,
				F06E30F61FB10516003E0400 /* ItemsViewController.swift */,
				F06E30F41FB10516003E0400 /* LaunchScreen.storyboard */,
				F06E30F51FB10516003E0400 /* Main.storyboard */,
			);
			path = "Coworker Tracker";
			sourceTree = "<group>";
		};
		F06E30D21FB0FEFC003E0400 /* Coworker TrackerTests */ = {
			isa = PBXGroup;
			children = (
				F06E30D31FB0FEFC003E0400 /* Coworker_TrackerTests.swift */,
				F06E30D51FB0FEFC003E0400 /* Info.plist */,
			);
			path = "Coworker TrackerTests";
			sourceTree = "<group>";
		};
		F06E30DD1FB0FEFC003E0400 /* Coworker TrackerUITests */ = {
			isa = PBXGroup;
			children = (
				F06E30DE1FB0FEFC003E0400 /* Coworker_TrackerUITests.swift */,
				F06E30E01FB0FEFC003E0400 /* Info.plist */,
			);
			path = "Coworker TrackerUITests";
			sourceTree = "<group>";
		};
/* End PBXGroup section */

/* Begin PBXNativeTarget section */
		F06E30BA1FB0FEFC003E0400 /* Coworker Tracker */ = {
			isa = PBXNativeTarget;
			buildConfigurationList = F06E30E31FB0FEFC003E0400 /* Build configuration list for PBXNativeTarget "Coworker Tracker" */;
			buildPhases = (
				F06E30B71FB0FEFC003E0400 /* Sources */,
				F06E30B81FB0FEFC003E0400 /* Frameworks */,
				F06E30B91FB0FEFC003E0400 /* Resources */,
			);
			buildRules = (
			);
			dependencies = (
			);
			name = "Coworker Tracker";
			productName = "Coworker Tracker";
			productReference = F06E30BB1FB0FEFC003E0400 /* Coworker Tracker.app */;
			productType = "com.apple.product-type.application";
		};
		F06E30CE1FB0FEFC003E0400 /* Coworker TrackerTests */ = {
			isa = PBXNativeTarget;
			buildConfigurationList = F06E30E61FB0FEFC003E0400 /* Build configuration list for PBXNativeTarget "Coworker TrackerTests" */;
			buildPhases = (
				F06E30CB1FB0FEFC003E0400 /* Sources */,
				F06E30CC1FB0FEFC003E0400 /* Frameworks */,
				F06E30CD1FB0FEFC003E0400 /* Resources */,
			);
			buildRules = (
			);
			dependencies = (
				F06E30D11FB0FEFC003E0400 /* PBXTargetDependency */,
			);
			name = "Coworker TrackerTests";
			productName = "Coworker TrackerTests";
			productReference = F06E30CF1FB0FEFC003E0400 /* Coworker TrackerTests.xctest */;
			productType = "com.apple.product-type.bundle.unit-test";
		};
		F06E30D91FB0FEFC003E0400 /* Coworker TrackerUITests */ = {
			isa = PBXNativeTarget;
			buildConfigurationList = F06E30E91FB0FEFC003E0400 /* Build configuration list for PBXNativeTarget "Coworker TrackerUITests" */;
			buildPhases = (
				F06E30D61FB0FEFC003E0400 /* Sources */,
				F06E30D71FB0FEFC003E0400 /* Frameworks */,
				F06E30D81FB0FEFC003E0400 /* Resources */,
			);
			buildRules = (
			);
			dependencies = (
				F06E30DC1FB0FEFC003E0400 /* PBXTargetDependency */,
			);
			name = "Coworker TrackerUITests";
			productName = "Coworker TrackerUITests";
			productReference = F06E30DA1FB0FEFC003E0400 /* Coworker TrackerUITests.xctest */;
			productType = "com.apple.product-type.bundle.ui-testing";
		};
/* End PBXNativeTarget section */

/* Begin PBXProject section */
		F06E30B31FB0FEFC003E0400 /* Project object */ = {
			isa = PBXProject;
			attributes = {
				LastSwiftUpdateCheck = 0910;
				LastUpgradeCheck = 0910;
				ORGANIZATIONNAME = "Jonathan Martin";
				TargetAttributes = {
					F06E30BA1FB0FEFC003E0400 = {
						CreatedOnToolsVersion = 9.1;
						LastSwiftMigration = 0910;
						ProvisioningStyle = Automatic;
					};
					F06E30CE1FB0FEFC003E0400 = {
						CreatedOnToolsVersion = 9.1;
						ProvisioningStyle = Automatic;
						TestTargetID = F06E30BA1FB0FEFC003E0400;
					};
					F06E30D91FB0FEFC003E0400 = {
						CreatedOnToolsVersion = 9.1;
						ProvisioningStyle = Automatic;
						TestTargetID = F06E30BA1FB0FEFC003E0400;
					};
				};
			};
			buildConfigurationList = F06E30B61FB0FEFC003E0400 /* Build configuration list for PBXProject "Coworker Tracker" */;
			compatibilityVersion = "Xcode 8.0";
			developmentRegion = en;
			hasScannedForEncodings = 0;
			knownRegions = (
				en,
				Base,
			);
			mainGroup = F06E30B21FB0FEFC003E0400;
			productRefGroup = F06E30BC1FB0FEFC003E0400 /* Products */;
			projectDirPath = "";
			projectRoot = "";
			targets = (
				F06E30BA1FB0FEFC003E0400 /* Coworker Tracker */,
				F06E30CE1FB0FEFC003E0400 /* Coworker TrackerTests */,
				F06E30D91FB0FEFC003E0400 /* Coworker TrackerUITests */,
			);
		};
/* End PBXProject section */

/* Begin PBXResourcesBuildPhase section */
		F06E30B91FB0FEFC003E0400 /* Resources */ = {
			isa = PBXResourcesBuildPhase;
			buildActionMask = 2147483647;
			files = (
				F06E30FE1FB10516003E0400 /* LaunchScreen.storyboard in Resources */,
				F06E30FA1FB10516003E0400 /* Assets.xcassets in Resources */,
				F06E30FF1FB10516003E0400 /* Main.storyboard in Resources */,
			);
			runOnlyForDeploymentPostprocessing = 0;
		};
		F06E30CD1FB0FEFC003E0400 /* Resources */ = {
			isa = PBXResourcesBuildPhase;
			buildActionMask = 2147483647;
			files = (
			);
			runOnlyForDeploymentPostprocessing = 0;
		};
		F06E30D81FB0FEFC003E0400 /* Resources */ = {
			isa = PBXResourcesBuildPhase;
			buildActionMask = 2147483647;
			files = (
			);
			runOnlyForDeploymentPostprocessing = 0;
		};
/* End PBXResourcesBuildPhase section */

/* Begin PBXSourcesBuildPhase section */
		F06E30B71FB0FEFC003E0400 /* Sources */ = {
			isa = PBXSourcesBuildPhase;
			buildActionMask = 2147483647;
			files = (
				F06E30FD1FB10516003E0400 /* Item.swift in Sources */,
				F06E31001FB10516003E0400 /* ItemsViewController.swift in Sources */,
				F06E30F81FB10516003E0400 /* ItemStore.swift in Sources */,
				F06E30F71FB10516003E0400 /* AppDelegate.swift in Sources */,
				F06E30FB1FB10516003E0400 /* ItemCell.swift in Sources */,
				F06E30FC1FB10516003E0400 /* DetailViewController.swift in Sources */,
			);
			runOnlyForDeploymentPostprocessing = 0;
		};
		F06E30CB1FB0FEFC003E0400 /* Sources */ = {
			isa = PBXSourcesBuildPhase;
			buildActionMask = 2147483647;
			files = (
				F06E30D41FB0FEFC003E0400 /* Coworker_TrackerTests.swift in Sources */,
			);
			runOnlyForDeploymentPostprocessing = 0;
		};
		F06E30D61FB0FEFC003E0400 /* Sources */ = {
			isa = PBXSourcesBuildPhase;
			buildActionMask = 2147483647;
			files = (
				F06E30DF1FB0FEFC003E0400 /* Coworker_TrackerUITests.swift in Sources */,
			);
			runOnlyForDeploymentPostprocessing = 0;
		};
/* End PBXSourcesBuildPhase section */

/* Begin PBXTargetDependency section */
		F06E30D11FB0FEFC003E0400 /* PBXTargetDependency */ = {
			isa = PBXTargetDependency;
			target = F06E30BA1FB0FEFC003E0400 /* Coworker Tracker */;
			targetProxy = F06E30D01FB0FEFC003E0400 /* PBXContainerItemProxy */;
		};
		F06E30DC1FB0FEFC003E0400 /* PBXTargetDependency */ = {
			isa = PBXTargetDependency;
			target = F06E30BA1FB0FEFC003E0400 /* Coworker Tracker */;
			targetProxy = F06E30DB1FB0FEFC003E0400 /* PBXContainerItemProxy */;
		};
/* End PBXTargetDependency section */

/* Begin XCBuildConfiguration section */
		F06E30E11FB0FEFC003E0400 /* Debug */ = {
			isa = XCBuildConfiguration;
			buildSettings = {
				ALWAYS_SEARCH_USER_PATHS = NO;
				CLANG_ANALYZER_NONNULL = YES;
				CLANG_ANALYZER_NUMBER_OBJECT_CONVERSION = YES_AGGRESSIVE;
				CLANG_CXX_LANGUAGE_STANDARD = "gnu++14";
				CLANG_CXX_LIBRARY = "libc++";
				CLANG_ENABLE_MODULES = YES;
				CLANG_ENABLE_OBJC_ARC = YES;
				CLANG_WARN_BLOCK_CAPTURE_AUTORELEASING = YES;
				CLANG_WARN_BOOL_CONVERSION = YES;
				CLANG_WARN_COMMA = YES;
				CLANG_WARN_CONSTANT_CONVERSION = YES;
				CLANG_WARN_DIRECT_OBJC_ISA_USAGE = YES_ERROR;
				CLANG_WARN_DOCUMENTATION_COMMENTS = YES;
				CLANG_WARN_EMPTY_BODY = YES;
				CLANG_WARN_ENUM_CONVERSION = YES;
				CLANG_WARN_INFINITE_RECURSION = YES;
				CLANG_WARN_INT_CONVERSION = YES;
				CLANG_WARN_NON_LITERAL_NULL_CONVERSION = YES;
				CLANG_WARN_OBJC_LITERAL_CONVERSION = YES;
				CLANG_WARN_OBJC_ROOT_CLASS = YES_ERROR;
				CLANG_WARN_RANGE_LOOP_ANALYSIS = YES;
				CLANG_WARN_STRICT_PROTOTYPES = YES;
				CLANG_WARN_SUSPICIOUS_MOVE = YES;
				CLANG_WARN_UNGUARDED_AVAILABILITY = YES_AGGRESSIVE;
				CLANG_WARN_UNREACHABLE_CODE = YES;
				CLANG_WARN__DUPLICATE_METHOD_MATCH = YES;
				CODE_SIGN_IDENTITY = "iPhone Developer";
				COPY_PHASE_STRIP = NO;
				DEBUG_INFORMATION_FORMAT = dwarf;
				ENABLE_STRICT_OBJC_MSGSEND = YES;
				ENABLE_TESTABILITY = YES;
				GCC_C_LANGUAGE_STANDARD = gnu11;
				GCC_DYNAMIC_NO_PIC = NO;
				GCC_NO_COMMON_BLOCKS = YES;
				GCC_OPTIMIZATION_LEVEL = 0;
				GCC_PREPROCESSOR_DEFINITIONS = (
					"DEBUG=1",
					"$(inherited)",
				);
				GCC_WARN_64_TO_32_BIT_CONVERSION = YES;
				GCC_WARN_ABOUT_RETURN_TYPE = YES_ERROR;
				GCC_WARN_UNDECLARED_SELECTOR = YES;
				GCC_WARN_UNINITIALIZED_AUTOS = YES_AGGRESSIVE;
				GCC_WARN_UNUSED_FUNCTION = YES;
				GCC_WARN_UNUSED_VARIABLE = YES;
				IPHONEOS_DEPLOYMENT_TARGET = 11.1;
				MTL_ENABLE_DEBUG_INFO = YES;
				ONLY_ACTIVE_ARCH = YES;
				SDKROOT = iphoneos;
				SWIFT_ACTIVE_COMPILATION_CONDITIONS = DEBUG;
				SWIFT_OPTIMIZATION_LEVEL = "-Onone";
			};
			name = Debug;
		};
		F06E30E21FB0FEFC003E0400 /* Release */ = {
			isa = XCBuildConfiguration;
			buildSettings = {
				ALWAYS_SEARCH_USER_PATHS = NO;
				CLANG_ANALYZER_NONNULL = YES;
				CLANG_ANALYZER_NUMBER_OBJECT_CONVERSION = YES_AGGRESSIVE;
				CLANG_CXX_LANGUAGE_STANDARD = "gnu++14";
				CLANG_CXX_LIBRARY = "libc++";
				CLANG_ENABLE_MODULES = YES;
				CLANG_ENABLE_OBJC_ARC = YES;
				CLANG_WARN_BLOCK_CAPTURE_AUTORELEASING = YES;
				CLANG_WARN_BOOL_CONVERSION = YES;
				CLANG_WARN_COMMA = YES;
				CLANG_WARN_CONSTANT_CONVERSION = YES;
				CLANG_WARN_DIRECT_OBJC_ISA_USAGE = YES_ERROR;
				CLANG_WARN_DOCUMENTATION_COMMENTS = YES;
				CLANG_WARN_EMPTY_BODY = YES;
				CLANG_WARN_ENUM_CONVERSION = YES;
				CLANG_WARN_INFINITE_RECURSION = YES;
				CLANG_WARN_INT_CONVERSION = YES;
				CLANG_WARN_NON_LITERAL_NULL_CONVERSION = YES;
				CLANG_WARN_OBJC_LITERAL_CONVERSION = YES;
				CLANG_WARN_OBJC_ROOT_CLASS = YES_ERROR;
				CLANG_WARN_RANGE_LOOP_ANALYSIS = YES;
				CLANG_WARN_STRICT_PROTOTYPES = YES;
				CLANG_WARN_SUSPICIOUS_MOVE = YES;
				CLANG_WARN_UNGUARDED_AVAILABILITY = YES_AGGRESSIVE;
				CLANG_WARN_UNREACHABLE_CODE = YES;
				CLANG_WARN__DUPLICATE_METHOD_MATCH = YES;
				CODE_SIGN_IDENTITY = "iPhone Developer";
				COPY_PHASE_STRIP = NO;
				DEBUG_INFORMATION_FORMAT = "dwarf-with-dsym";
				ENABLE_NS_ASSERTIONS = NO;
				ENABLE_STRICT_OBJC_MSGSEND = YES;
				GCC_C_LANGUAGE_STANDARD = gnu11;
				GCC_NO_COMMON_BLOCKS = YES;
				GCC_WARN_64_TO_32_BIT_CONVERSION = YES;
				GCC_WARN_ABOUT_RETURN_TYPE = YES_ERROR;
				GCC_WARN_UNDECLARED_SELECTOR = YES;
				GCC_WARN_UNINITIALIZED_AUTOS = YES_AGGRESSIVE;
				GCC_WARN_UNUSED_FUNCTION = YES;
				GCC_WARN_UNUSED_VARIABLE = YES;
				IPHONEOS_DEPLOYMENT_TARGET = 11.1;
				MTL_ENABLE_DEBUG_INFO = NO;
				SDKROOT = iphoneos;
				SWIFT_OPTIMIZATION_LEVEL = "-Owholemodule";
				VALIDATE_PRODUCT = YES;
			};
			name = Release;
		};
		F06E30E41FB0FEFC003E0400 /* Debug */ = {
			isa = XCBuildConfiguration;
			buildSettings = {
				ASSETCATALOG_COMPILER_APPICON_NAME = AppIcon;
				CLANG_ENABLE_MODULES = YES;
				CODE_SIGN_STYLE = Automatic;
				DEVELOPMENT_TEAM = F678NGE48C;
				INFOPLIST_FILE = "Coworker Tracker/Info.plist";
				LD_RUNPATH_SEARCH_PATHS = "$(inherited) @executable_path/Frameworks";
				PRODUCT_BUNDLE_IDENTIFIER = "THL5.Coworker-Tracker";
				PRODUCT_NAME = "$(TARGET_NAME)";
				SWIFT_OBJC_BRIDGING_HEADER = "";
				SWIFT_OPTIMIZATION_LEVEL = "-Onone";
				SWIFT_SWIFT3_OBJC_INFERENCE = Default;
				SWIFT_VERSION = 4.0;
				TARGETED_DEVICE_FAMILY = "1,2";
			};
			name = Debug;
		};
		F06E30E51FB0FEFC003E0400 /* Release */ = {
			isa = XCBuildConfiguration;
			buildSettings = {
				ASSETCATALOG_COMPILER_APPICON_NAME = AppIcon;
				CLANG_ENABLE_MODULES = YES;
				CODE_SIGN_STYLE = Automatic;
				DEVELOPMENT_TEAM = F678NGE48C;
				INFOPLIST_FILE = "Coworker Tracker/Info.plist";
				LD_RUNPATH_SEARCH_PATHS = "$(inherited) @executable_path/Frameworks";
				PRODUCT_BUNDLE_IDENTIFIER = "THL5.Coworker-Tracker";
				PRODUCT_NAME = "$(TARGET_NAME)";
				SWIFT_OBJC_BRIDGING_HEADER = "";
				SWIFT_SWIFT3_OBJC_INFERENCE = Default;
				SWIFT_VERSION = 4.0;
				TARGETED_DEVICE_FAMILY = "1,2";
			};
			name = Release;
		};
		F06E30E71FB0FEFC003E0400 /* Debug */ = {
			isa = XCBuildConfiguration;
			buildSettings = {
				ALWAYS_EMBED_SWIFT_STANDARD_LIBRARIES = YES;
				BUNDLE_LOADER = "$(TEST_HOST)";
				CODE_SIGN_STYLE = Automatic;
				INFOPLIST_FILE = "Coworker TrackerTests/Info.plist";
				LD_RUNPATH_SEARCH_PATHS = "$(inherited) @executable_path/Frameworks @loader_path/Frameworks";
				PRODUCT_BUNDLE_IDENTIFIER = "THL5.Coworker-TrackerTests";
				PRODUCT_NAME = "$(TARGET_NAME)";
				SWIFT_VERSION = 4.0;
				TARGETED_DEVICE_FAMILY = "1,2";
				TEST_HOST = "$(BUILT_PRODUCTS_DIR)/Coworker Tracker.app/Coworker Tracker";
			};
			name = Debug;
		};
		F06E30E81FB0FEFC003E0400 /* Release */ = {
			isa = XCBuildConfiguration;
			buildSettings = {
				ALWAYS_EMBED_SWIFT_STANDARD_LIBRARIES = YES;
				BUNDLE_LOADER = "$(TEST_HOST)";
				CODE_SIGN_STYLE = Automatic;
				INFOPLIST_FILE = "Coworker TrackerTests/Info.plist";
				LD_RUNPATH_SEARCH_PATHS = "$(inherited) @executable_path/Frameworks @loader_path/Frameworks";
				PRODUCT_BUNDLE_IDENTIFIER = "THL5.Coworker-TrackerTests";
				PRODUCT_NAME = "$(TARGET_NAME)";
				SWIFT_VERSION = 4.0;
				TARGETED_DEVICE_FAMILY = "1,2";
				TEST_HOST = "$(BUILT_PRODUCTS_DIR)/Coworker Tracker.app/Coworker Tracker";
			};
			name = Release;
		};
		F06E30EA1FB0FEFC003E0400 /* Debug */ = {
			isa = XCBuildConfiguration;
			buildSettings = {
				ALWAYS_EMBED_SWIFT_STANDARD_LIBRARIES = YES;
				CODE_SIGN_STYLE = Automatic;
				INFOPLIST_FILE = "Coworker TrackerUITests/Info.plist";
				LD_RUNPATH_SEARCH_PATHS = "$(inherited) @executable_path/Frameworks @loader_path/Frameworks";
				PRODUCT_BUNDLE_IDENTIFIER = "THL5.Coworker-TrackerUITests";
				PRODUCT_NAME = "$(TARGET_NAME)";
				SWIFT_VERSION = 4.0;
				TARGETED_DEVICE_FAMILY = "1,2";
				TEST_TARGET_NAME = "Coworker Tracker";
			};
			name = Debug;
		};
		F06E30EB1FB0FEFC003E0400 /* Release */ = {
			isa = XCBuildConfiguration;
			buildSettings = {
				ALWAYS_EMBED_SWIFT_STANDARD_LIBRARIES = YES;
				CODE_SIGN_STYLE = Automatic;
				INFOPLIST_FILE = "Coworker TrackerUITests/Info.plist";
				LD_RUNPATH_SEARCH_PATHS = "$(inherited) @executable_path/Frameworks @loader_path/Frameworks";
				PRODUCT_BUNDLE_IDENTIFIER = "THL5.Coworker-TrackerUITests";
				PRODUCT_NAME = "$(TARGET_NAME)";
				SWIFT_VERSION = 4.0;
				TARGETED_DEVICE_FAMILY = "1,2";
				TEST_TARGET_NAME = "Coworker Tracker";
			};
			name = Release;
		};
/* End XCBuildConfiguration section */

/* Begin XCConfigurationList section */
		F06E30B61FB0FEFC003E0400 /* Build configuration list for PBXProject "Coworker Tracker" */ = {
			isa = XCConfigurationList;
			buildConfigurations = (
				F06E30E11FB0FEFC003E0400 /* Debug */,
				F06E30E21FB0FEFC003E0400 /* Release */,
			);
			defaultConfigurationIsVisible = 0;
			defaultConfigurationName = Release;
		};
		F06E30E31FB0FEFC003E0400 /* Build configuration list for PBXNativeTarget "Coworker Tracker" */ = {
			isa = XCConfigurationList;
			buildConfigurations = (
				F06E30E41FB0FEFC003E0400 /* Debug */,
				F06E30E51FB0FEFC003E0400 /* Release */,
			);
			defaultConfigurationIsVisible = 0;
			defaultConfigurationName = Release;
		};
		F06E30E61FB0FEFC003E0400 /* Build configuration list for PBXNativeTarget "Coworker TrackerTests" */ = {
			isa = XCConfigurationList;
			buildConfigurations = (
				F06E30E71FB0FEFC003E0400 /* Debug */,
				F06E30E81FB0FEFC003E0400 /* Release */,
			);
			defaultConfigurationIsVisible = 0;
			defaultConfigurationName = Release;
		};
		F06E30E91FB0FEFC003E0400 /* Build configuration list for PBXNativeTarget "Coworker TrackerUITests" */ = {
			isa = XCConfigurationList;
			buildConfigurations = (
				F06E30EA1FB0FEFC003E0400 /* Debug */,
				F06E30EB1FB0FEFC003E0400 /* Release */,
			);
			defaultConfigurationIsVisible = 0;
			defaultConfigurationName = Release;
		};
/* End XCConfigurationList section */
	};
	rootObject = F06E30B31FB0FEFC003E0400 /* Project object */;
}
